// !$*UTF8*$!
{
	archiveVersion = 1;
	classes = {
	};
	objectVersion = 48;
	objects = {

/* Begin PBXBuildFile section */
		1F9F8CF01FBEA7130082AAA0 /* AppDelegate.m in Sources */ = {isa = PBXBuildFile; fileRef = 1F9F8CEF1FBEA7130082AAA0 /* AppDelegate.m */; };
		1F9F8CF31FBEA7130082AAA0 /* ViewController.m in Sources */ = {isa = PBXBuildFile; fileRef = 1F9F8CF21FBEA7130082AAA0 /* ViewController.m */; };
		1F9F8CF61FBEA7130082AAA0 /* Main.storyboard in Resources */ = {isa = PBXBuildFile; fileRef = 1F9F8CF41FBEA7130082AAA0 /* Main.storyboard */; };
		1F9F8CF81FBEA7130082AAA0 /* Assets.xcassets in Resources */ = {isa = PBXBuildFile; fileRef = 1F9F8CF71FBEA7130082AAA0 /* Assets.xcassets */; };
		1F9F8CFB1FBEA7130082AAA0 /* LaunchScreen.storyboard in Resources */ = {isa = PBXBuildFile; fileRef = 1F9F8CF91FBEA7130082AAA0 /* LaunchScreen.storyboard */; };
		1F9F8CFE1FBEA7130082AAA0 /* main.m in Sources */ = {isa = PBXBuildFile; fileRef = 1F9F8CFD1FBEA7130082AAA0 /* main.m */; };
		1F9F8D081FBEA7130082AAA0 /* ReactNativeIntegrationDemoTests.m in Sources */ = {isa = PBXBuildFile; fileRef = 1F9F8D071FBEA7130082AAA0 /* ReactNativeIntegrationDemoTests.m */; };
		1F9F8D131FBEA7130082AAA0 /* ReactNativeIntegrationDemoUITests.m in Sources */ = {isa = PBXBuildFile; fileRef = 1F9F8D121FBEA7130082AAA0 /* ReactNativeIntegrationDemoUITests.m */; };
		1F9F8D211FBEA7AD0082AAA0 /* ReactNativeComponents in Resources */ = {isa = PBXBuildFile; fileRef = 1F9F8D201FBEA7AD0082AAA0 /* ReactNativeComponents */; };
/* End PBXBuildFile section */

/* Begin PBXContainerItemProxy section */
		1F9F8D041FBEA7130082AAA0 /* PBXContainerItemProxy */ = {
			isa = PBXContainerItemProxy;
			containerPortal = 1F9F8CE31FBEA7130082AAA0 /* Project object */;
			proxyType = 1;
			remoteGlobalIDString = 1F9F8CEA1FBEA7130082AAA0;
			remoteInfo = ReactNativeIntegrationDemo;
		};
		1F9F8D0F1FBEA7130082AAA0 /* PBXContainerItemProxy */ = {
			isa = PBXContainerItemProxy;
			containerPortal = 1F9F8CE31FBEA7130082AAA0 /* Project object */;
			proxyType = 1;
			remoteGlobalIDString = 1F9F8CEA1FBEA7130082AAA0;
			remoteInfo = ReactNativeIntegrationDemo;
		};
/* End PBXContainerItemProxy section */

/* Begin PBXFileReference section */
		1F9F8CEB1FBEA7130082AAA0 /* ReactNativeIntegrationDemo.app */ = {isa = PBXFileReference; explicitFileType = wrapper.application; includeInIndex = 0; path = ReactNativeIntegrationDemo.app; sourceTree = BUILT_PRODUCTS_DIR; };
		1F9F8CEE1FBEA7130082AAA0 /* AppDelegate.h */ = {isa = PBXFileReference; lastKnownFileType = sourcecode.c.h; path = AppDelegate.h; sourceTree = "<group>"; };
		1F9F8CEF1FBEA7130082AAA0 /* AppDelegate.m */ = {isa = PBXFileReference; lastKnownFileType = sourcecode.c.objc; path = AppDelegate.m; sourceTree = "<group>"; };
		1F9F8CF11FBEA7130082AAA0 /* ViewController.h */ = {isa = PBXFileReference; lastKnownFileType = sourcecode.c.h; path = ViewController.h; sourceTree = "<group>"; };
		1F9F8CF21FBEA7130082AAA0 /* ViewController.m */ = {isa = PBXFileReference; lastKnownFileType = sourcecode.c.objc; path = ViewController.m; sourceTree = "<group>"; };
		1F9F8CF51FBEA7130082AAA0 /* Base */ = {isa = PBXFileReference; lastKnownFileType = file.storyboard; name = Base; path = Base.lproj/Main.storyboard; sourceTree = "<group>"; };
		1F9F8CF71FBEA7130082AAA0 /* Assets.xcassets */ = {isa = PBXFileReference; lastKnownFileType = folder.assetcatalog; path = Assets.xcassets; sourceTree = "<group>"; };
		1F9F8CFA1FBEA7130082AAA0 /* Base */ = {isa = PBXFileReference; lastKnownFileType = file.storyboard; name = Base; path = Base.lproj/LaunchScreen.storyboard; sourceTree = "<group>"; };
		1F9F8CFC1FBEA7130082AAA0 /* Info.plist */ = {isa = PBXFileReference; lastKnownFileType = text.plist.xml; path = Info.plist; sourceTree = "<group>"; };
		1F9F8CFD1FBEA7130082AAA0 /* main.m */ = {isa = PBXFileReference; lastKnownFileType = sourcecode.c.objc; path = main.m; sourceTree = "<group>"; };
		1F9F8D031FBEA7130082AAA0 /* ReactNativeIntegrationDemoTests.xctest */ = {isa = PBXFileReference; explicitFileType = wrapper.cfbundle; includeInIndex = 0; path = ReactNativeIntegrationDemoTests.xctest; sourceTree = BUILT_PRODUCTS_DIR; };
		1F9F8D071FBEA7130082AAA0 /* ReactNativeIntegrationDemoTests.m */ = {isa = PBXFileReference; lastKnownFileType = sourcecode.c.objc; path = ReactNativeIntegrationDemoTests.m; sourceTree = "<group>"; };
		1F9F8D091FBEA7130082AAA0 /* Info.plist */ = {isa = PBXFileReference; lastKnownFileType = text.plist.xml; path = Info.plist; sourceTree = "<group>"; };
		1F9F8D0E1FBEA7130082AAA0 /* ReactNativeIntegrationDemoUITests.xctest */ = {isa = PBXFileReference; explicitFileType = wrapper.cfbundle; includeInIndex = 0; path = ReactNativeIntegrationDemoUITests.xctest; sourceTree = BUILT_PRODUCTS_DIR; };
		1F9F8D121FBEA7130082AAA0 /* ReactNativeIntegrationDemoUITests.m */ = {isa = PBXFileReference; lastKnownFileType = sourcecode.c.objc; path = ReactNativeIntegrationDemoUITests.m; sourceTree = "<group>"; };
		1F9F8D141FBEA7130082AAA0 /* Info.plist */ = {isa = PBXFileReference; lastKnownFileType = text.plist.xml; path = Info.plist; sourceTree = "<group>"; };
		1F9F8D201FBEA7AD0082AAA0 /* ReactNativeComponents */ = {isa = PBXFileReference; lastKnownFileType = folder; path = ReactNativeComponents; sourceTree = "<group>"; };
/* End PBXFileReference section */

/* Begin PBXFrameworksBuildPhase section */
		1F9F8CE81FBEA7130082AAA0 /* Frameworks */ = {
			isa = PBXFrameworksBuildPhase;
			buildActionMask = 2147483647;
			files = (
			);
			runOnlyForDeploymentPostprocessing = 0;
		};
		1F9F8D001FBEA7130082AAA0 /* Frameworks */ = {
			isa = PBXFrameworksBuildPhase;
			buildActionMask = 2147483647;
			files = (
			);
			runOnlyForDeploymentPostprocessing = 0;
		};
		1F9F8D0B1FBEA7130082AAA0 /* Frameworks */ = {
			isa = PBXFrameworksBuildPhase;
			buildActionMask = 2147483647;
			files = (
			);
			runOnlyForDeploymentPostprocessing = 0;
		};
/* End PBXFrameworksBuildPhase section */

/* Begin PBXGroup section */
		1F9F8CE21FBEA7130082AAA0 = {
			isa = PBXGroup;
			children = (
				1F9F8D201FBEA7AD0082AAA0 /* ReactNativeComponents */,
				1F9F8CED1FBEA7130082AAA0 /* ReactNativeIntegrationDemo */,
				1F9F8D061FBEA7130082AAA0 /* ReactNativeIntegrationDemoTests */,
				1F9F8D111FBEA7130082AAA0 /* ReactNativeIntegrationDemoUITests */,
				1F9F8CEC1FBEA7130082AAA0 /* Products */,
			);
			sourceTree = "<group>";
		};
		1F9F8CEC1FBEA7130082AAA0 /* Products */ = {
			isa = PBXGroup;
			children = (
				1F9F8CEB1FBEA7130082AAA0 /* ReactNativeIntegrationDemo.app */,
				1F9F8D031FBEA7130082AAA0 /* ReactNativeIntegrationDemoTests.xctest */,
				1F9F8D0E1FBEA7130082AAA0 /* ReactNativeIntegrationDemoUITests.xctest */,
			);
			name = Products;
			sourceTree = "<group>";
		};
		1F9F8CED1FBEA7130082AAA0 /* ReactNativeIntegrationDemo */ = {
			isa = PBXGroup;
			children = (
				1F9F8CEE1FBEA7130082AAA0 /* AppDelegate.h */,
				1F9F8CEF1FBEA7130082AAA0 /* AppDelegate.m */,
				1F9F8CF11FBEA7130082AAA0 /* ViewController.h */,
				1F9F8CF21FBEA7130082AAA0 /* ViewController.m */,
				1F9F8CF41FBEA7130082AAA0 /* Main.storyboard */,
				1F9F8CF71FBEA7130082AAA0 /* Assets.xcassets */,
				1F9F8CF91FBEA7130082AAA0 /* LaunchScreen.storyboard */,
				1F9F8CFC1FBEA7130082AAA0 /* Info.plist */,
				1F9F8CFD1FBEA7130082AAA0 /* main.m */,
			);
			path = ReactNativeIntegrationDemo;
			sourceTree = "<group>";
		};
		1F9F8D061FBEA7130082AAA0 /* ReactNativeIntegrationDemoTests */ = {
			isa = PBXGroup;
			children = (
				1F9F8D071FBEA7130082AAA0 /* ReactNativeIntegrationDemoTests.m */,
				1F9F8D091FBEA7130082AAA0 /* Info.plist */,
			);
			path = ReactNativeIntegrationDemoTests;
			sourceTree = "<group>";
		};
		1F9F8D111FBEA7130082AAA0 /* ReactNativeIntegrationDemoUITests */ = {
			isa = PBXGroup;
			children = (
				1F9F8D121FBEA7130082AAA0 /* ReactNativeIntegrationDemoUITests.m */,
				1F9F8D141FBEA7130082AAA0 /* Info.plist */,
			);
			path = ReactNativeIntegrationDemoUITests;
			sourceTree = "<group>";
		};
/* End PBXGroup section */

/* Begin PBXNativeTarget section */
		1F9F8CEA1FBEA7130082AAA0 /* ReactNativeIntegrationDemo */ = {
			isa = PBXNativeTarget;
			buildConfigurationList = 1F9F8D171FBEA7130082AAA0 /* Build configuration list for PBXNativeTarget "ReactNativeIntegrationDemo" */;
			buildPhases = (
				1F9F8CE71FBEA7130082AAA0 /* Sources */,
				1F9F8CE81FBEA7130082AAA0 /* Frameworks */,
				1F9F8CE91FBEA7130082AAA0 /* Resources */,
			);
			buildRules = (
			);
			dependencies = (
			);
			name = ReactNativeIntegrationDemo;
			productName = ReactNativeIntegrationDemo;
			productReference = 1F9F8CEB1FBEA7130082AAA0 /* ReactNativeIntegrationDemo.app */;
			productType = "com.apple.product-type.application";
		};
		1F9F8D021FBEA7130082AAA0 /* ReactNativeIntegrationDemoTests */ = {
			isa = PBXNativeTarget;
			buildConfigurationList = 1F9F8D1A1FBEA7130082AAA0 /* Build configuration list for PBXNativeTarget "ReactNativeIntegrationDemoTests" */;
			buildPhases = (
				1F9F8CFF1FBEA7130082AAA0 /* Sources */,
				1F9F8D001FBEA7130082AAA0 /* Frameworks */,
				1F9F8D011FBEA7130082AAA0 /* Resources */,
			);
			buildRules = (
			);
			dependencies = (
				1F9F8D051FBEA7130082AAA0 /* PBXTargetDependency */,
			);
			name = ReactNativeIntegrationDemoTests;
			productName = ReactNativeIntegrationDemoTests;
			productReference = 1F9F8D031FBEA7130082AAA0 /* ReactNativeIntegrationDemoTests.xctest */;
			productType = "com.apple.product-type.bundle.unit-test";
		};
		1F9F8D0D1FBEA7130082AAA0 /* ReactNativeIntegrationDemoUITests */ = {
			isa = PBXNativeTarget;
			buildConfigurationList = 1F9F8D1D1FBEA7130082AAA0 /* Build configuration list for PBXNativeTarget "ReactNativeIntegrationDemoUITests" */;
			buildPhases = (
				1F9F8D0A1FBEA7130082AAA0 /* Sources */,
				1F9F8D0B1FBEA7130082AAA0 /* Frameworks */,
				1F9F8D0C1FBEA7130082AAA0 /* Resources */,
			);
			buildRules = (
			);
			dependencies = (
				1F9F8D101FBEA7130082AAA0 /* PBXTargetDependency */,
			);
			name = ReactNativeIntegrationDemoUITests;
			productName = ReactNativeIntegrationDemoUITests;
			productReference = 1F9F8D0E1FBEA7130082AAA0 /* ReactNativeIntegrationDemoUITests.xctest */;
			productType = "com.apple.product-type.bundle.ui-testing";
		};
/* End PBXNativeTarget section */

/* Begin PBXProject section */
		1F9F8CE31FBEA7130082AAA0 /* Project object */ = {
			isa = PBXProject;
			attributes = {
				LastUpgradeCheck = 0910;
				ORGANIZATIONNAME = "Rodrick Zhu";
				TargetAttributes = {
					1F9F8CEA1FBEA7130082AAA0 = {
						CreatedOnToolsVersion = 9.1;
						ProvisioningStyle = Automatic;
					};
					1F9F8D021FBEA7130082AAA0 = {
						CreatedOnToolsVersion = 9.1;
						ProvisioningStyle = Automatic;
						TestTargetID = 1F9F8CEA1FBEA7130082AAA0;
					};
					1F9F8D0D1FBEA7130082AAA0 = {
						CreatedOnToolsVersion = 9.1;
						ProvisioningStyle = Automatic;
						TestTargetID = 1F9F8CEA1FBEA7130082AAA0;
					};
				};
			};
			buildConfigurationList = 1F9F8CE61FBEA7130082AAA0 /* Build configuration list for PBXProject "ReactNativeIntegrationDemo" */;
			compatibilityVersion = "Xcode 8.0";
			developmentRegion = en;
			hasScannedForEncodings = 0;
			knownRegions = (
				en,
				Base,
			);
			mainGroup = 1F9F8CE21FBEA7130082AAA0;
			productRefGroup = 1F9F8CEC1FBEA7130082AAA0 /* Products */;
			projectDirPath = "";
			projectRoot = "";
			targets = (
				1F9F8CEA1FBEA7130082AAA0 /* ReactNativeIntegrationDemo */,
				1F9F8D021FBEA7130082AAA0 /* ReactNativeIntegrationDemoTests */,
				1F9F8D0D1FBEA7130082AAA0 /* ReactNativeIntegrationDemoUITests */,
			);
		};
/* End PBXProject section */

/* Begin PBXResourcesBuildPhase section */
		1F9F8CE91FBEA7130082AAA0 /* Resources */ = {
			isa = PBXResourcesBuildPhase;
			buildActionMask = 2147483647;
			files = (
				1F9F8CFB1FBEA7130082AAA0 /* LaunchScreen.storyboard in Resources */,
				1F9F8D211FBEA7AD0082AAA0 /* ReactNativeComponents in Resources */,
				1F9F8CF81FBEA7130082AAA0 /* Assets.xcassets in Resources */,
				1F9F8CF61FBEA7130082AAA0 /* Main.storyboard in Resources */,
			);
			runOnlyForDeploymentPostprocessing = 0;
		};
		1F9F8D011FBEA7130082AAA0 /* Resources */ = {
			isa = PBXResourcesBuildPhase;
			buildActionMask = 2147483647;
			files = (
			);
			runOnlyForDeploymentPostprocessing = 0;
		};
		1F9F8D0C1FBEA7130082AAA0 /* Resources */ = {
			isa = PBXResourcesBuildPhase;
			buildActionMask = 2147483647;
			files = (
			);
			runOnlyForDeploymentPostprocessing = 0;
		};
/* End PBXResourcesBuildPhase section */

/* Begin PBXSourcesBuildPhase section */
		1F9F8CE71FBEA7130082AAA0 /* Sources */ = {
			isa = PBXSourcesBuildPhase;
			buildActionMask = 2147483647;
			files = (
				1F9F8CF31FBEA7130082AAA0 /* ViewController.m in Sources */,
				1F9F8CFE1FBEA7130082AAA0 /* main.m in Sources */,
				1F9F8CF01FBEA7130082AAA0 /* AppDelegate.m in Sources */,
			);
			runOnlyForDeploymentPostprocessing = 0;
		};
		1F9F8CFF1FBEA7130082AAA0 /* Sources */ = {
			isa = PBXSourcesBuildPhase;
			buildActionMask = 2147483647;
			files = (
				1F9F8D081FBEA7130082AAA0 /* ReactNativeIntegrationDemoTests.m in Sources */,
			);
			runOnlyForDeploymentPostprocessing = 0;
		};
		1F9F8D0A1FBEA7130082AAA0 /* Sources */ = {
			isa = PBXSourcesBuildPhase;
			buildActionMask = 2147483647;
			files = (
				1F9F8D131FBEA7130082AAA0 /* ReactNativeIntegrationDemoUITests.m in Sources */,
			);
			runOnlyForDeploymentPostprocessing = 0;
		};
/* End PBXSourcesBuildPhase section */

/* Begin PBXTargetDependency section */
		1F9F8D051FBEA7130082AAA0 /* PBXTargetDependency */ = {
			isa = PBXTargetDependency;
			target = 1F9F8CEA1FBEA7130082AAA0 /* ReactNativeIntegrationDemo */;
			targetProxy = 1F9F8D041FBEA7130082AAA0 /* PBXContainerItemProxy */;
		};
		1F9F8D101FBEA7130082AAA0 /* PBXTargetDependency */ = {
			isa = PBXTargetDependency;
			target = 1F9F8CEA1FBEA7130082AAA0 /* ReactNativeIntegrationDemo */;
			targetProxy = 1F9F8D0F1FBEA7130082AAA0 /* PBXContainerItemProxy */;
		};
/* End PBXTargetDependency section */

/* Begin PBXVariantGroup section */
		1F9F8CF41FBEA7130082AAA0 /* Main.storyboard */ = {
			isa = PBXVariantGroup;
			children = (
				1F9F8CF51FBEA7130082AAA0 /* Base */,
			);
			name = Main.storyboard;
			sourceTree = "<group>";
		};
		1F9F8CF91FBEA7130082AAA0 /* LaunchScreen.storyboard */ = {
			isa = PBXVariantGroup;
			children = (
				1F9F8CFA1FBEA7130082AAA0 /* Base */,
			);
			name = LaunchScreen.storyboard;
			sourceTree = "<group>";
		};
/* End PBXVariantGroup section */

/* Begin XCBuildConfiguration section */
		1F9F8D151FBEA7130082AAA0 /* Debug */ = {
			isa = XCBuildConfiguration;
			buildSettings = {
				ALWAYS_SEARCH_USER_PATHS = NO;
				CLANG_ANALYZER_NONNULL = YES;
				CLANG_ANALYZER_NUMBER_OBJECT_CONVERSION = YES_AGGRESSIVE;
				CLANG_CXX_LANGUAGE_STANDARD = "gnu++14";
				CLANG_CXX_LIBRARY = "libc++";
				CLANG_ENABLE_MODULES = YES;
				CLANG_ENABLE_OBJC_ARC = YES;
				CLANG_WARN_BLOCK_CAPTURE_AUTORELEASING = YES;
				CLANG_WARN_BOOL_CONVERSION = YES;
				CLANG_WARN_COMMA = YES;
				CLANG_WARN_CONSTANT_CONVERSION = YES;
				CLANG_WARN_DIRECT_OBJC_ISA_USAGE = YES_ERROR;
				CLANG_WARN_DOCUMENTATION_COMMENTS = YES;
				CLANG_WARN_EMPTY_BODY = YES;
				CLANG_WARN_ENUM_CONVERSION = YES;
				CLANG_WARN_INFINITE_RECURSION = YES;
				CLANG_WARN_INT_CONVERSION = YES;
				CLANG_WARN_NON_LITERAL_NULL_CONVERSION = YES;
				CLANG_WARN_OBJC_LITERAL_CONVERSION = YES;
				CLANG_WARN_OBJC_ROOT_CLASS = YES_ERROR;
				CLANG_WARN_RANGE_LOOP_ANALYSIS = YES;
				CLANG_WARN_STRICT_PROTOTYPES = YES;
				CLANG_WARN_SUSPICIOUS_MOVE = YES;
				CLANG_WARN_UNGUARDED_AVAILABILITY = YES_AGGRESSIVE;
				CLANG_WARN_UNREACHABLE_CODE = YES;
				CLANG_WARN__DUPLICATE_METHOD_MATCH = YES;
				CODE_SIGN_IDENTITY = "iPhone Developer";
				COPY_PHASE_STRIP = NO;
				DEBUG_INFORMATION_FORMAT = dwarf;
				ENABLE_STRICT_OBJC_MSGSEND = YES;
				ENABLE_TESTABILITY = YES;
				GCC_C_LANGUAGE_STANDARD = gnu11;
				GCC_DYNAMIC_NO_PIC = NO;
				GCC_NO_COMMON_BLOCKS = YES;
				GCC_OPTIMIZATION_LEVEL = 0;
				GCC_PREPROCESSOR_DEFINITIONS = (
					"DEBUG=1",
					"$(inherited)",
				);
				GCC_WARN_64_TO_32_BIT_CONVERSION = YES;
				GCC_WARN_ABOUT_RETURN_TYPE = YES_ERROR;
				GCC_WARN_UNDECLARED_SELECTOR = YES;
				GCC_WARN_UNINITIALIZED_AUTOS = YES_AGGRESSIVE;
				GCC_WARN_UNUSED_FUNCTION = YES;
				GCC_WARN_UNUSED_VARIABLE = YES;
				IPHONEOS_DEPLOYMENT_TARGET = 11.1;
				MTL_ENABLE_DEBUG_INFO = YES;
				ONLY_ACTIVE_ARCH = YES;
				SDKROOT = iphoneos;
			};
			name = Debug;
		};
		1F9F8D161FBEA7130082AAA0 /* Release */ = {
			isa = XCBuildConfiguration;
			buildSettings = {
				ALWAYS_SEARCH_USER_PATHS = NO;
				CLANG_ANALYZER_NONNULL = YES;
				CLANG_ANALYZER_NUMBER_OBJECT_CONVERSION = YES_AGGRESSIVE;
				CLANG_CXX_LANGUAGE_STANDARD = "gnu++14";
				CLANG_CXX_LIBRARY = "libc++";
				CLANG_ENABLE_MODULES = YES;
				CLANG_ENABLE_OBJC_ARC = YES;
				CLANG_WARN_BLOCK_CAPTURE_AUTORELEASING = YES;
				CLANG_WARN_BOOL_CONVERSION = YES;
				CLANG_WARN_COMMA = YES;
				CLANG_WARN_CONSTANT_CONVERSION = YES;
				CLANG_WARN_DIRECT_OBJC_ISA_USAGE = YES_ERROR;
				CLANG_WARN_DOCUMENTATION_COMMENTS = YES;
				CLANG_WARN_EMPTY_BODY = YES;
				CLANG_WARN_ENUM_CONVERSION = YES;
				CLANG_WARN_INFINITE_RECURSION = YES;
				CLANG_WARN_INT_CONVERSION = YES;
				CLANG_WARN_NON_LITERAL_NULL_CONVERSION = YES;
				CLANG_WARN_OBJC_LITERAL_CONVERSION = YES;
				CLANG_WARN_OBJC_ROOT_CLASS = YES_ERROR;
				CLANG_WARN_RANGE_LOOP_ANALYSIS = YES;
				CLANG_WARN_STRICT_PROTOTYPES = YES;
				CLANG_WARN_SUSPICIOUS_MOVE = YES;
				CLANG_WARN_UNGUARDED_AVAILABILITY = YES_AGGRESSIVE;
				CLANG_WARN_UNREACHABLE_CODE = YES;
				CLANG_WARN__DUPLICATE_METHOD_MATCH = YES;
				CODE_SIGN_IDENTITY = "iPhone Developer";
				COPY_PHASE_STRIP = NO;
				DEBUG_INFORMATION_FORMAT = "dwarf-with-dsym";
				ENABLE_NS_ASSERTIONS = NO;
				ENABLE_STRICT_OBJC_MSGSEND = YES;
				GCC_C_LANGUAGE_STANDARD = gnu11;
				GCC_NO_COMMON_BLOCKS = YES;
				GCC_WARN_64_TO_32_BIT_CONVERSION = YES;
				GCC_WARN_ABOUT_RETURN_TYPE = YES_ERROR;
				GCC_WARN_UNDECLARED_SELECTOR = YES;
				GCC_WARN_UNINITIALIZED_AUTOS = YES_AGGRESSIVE;
				GCC_WARN_UNUSED_FUNCTION = YES;
				GCC_WARN_UNUSED_VARIABLE = YES;
				IPHONEOS_DEPLOYMENT_TARGET = 11.1;
				MTL_ENABLE_DEBUG_INFO = NO;
				SDKROOT = iphoneos;
				VALIDATE_PRODUCT = YES;
			};
			name = Release;
		};
		1F9F8D181FBEA7130082AAA0 /* Debug */ = {
			isa = XCBuildConfiguration;
			buildSettings = {
				ASSETCATALOG_COMPILER_APPICON_NAME = AppIcon;
				CODE_SIGN_STYLE = Automatic;
				INFOPLIST_FILE = ReactNativeIntegrationDemo/Info.plist;
				LD_RUNPATH_SEARCH_PATHS = "$(inherited) @executable_path/Frameworks";
				PRODUCT_BUNDLE_IDENTIFIER = dogrod.ReactNativeIntegrationDemo;
				PRODUCT_NAME = "$(TARGET_NAME)";
				TARGETED_DEVICE_FAMILY = "1,2";
			};
			name = Debug;
		};
		1F9F8D191FBEA7130082AAA0 /* Release */ = {
			isa = XCBuildConfiguration;
			buildSettings = {
				ASSETCATALOG_COMPILER_APPICON_NAME = AppIcon;
				CODE_SIGN_STYLE = Automatic;
				INFOPLIST_FILE = ReactNativeIntegrationDemo/Info.plist;
				LD_RUNPATH_SEARCH_PATHS = "$(inherited) @executable_path/Frameworks";
				PRODUCT_BUNDLE_IDENTIFIER = dogrod.ReactNativeIntegrationDemo;
				PRODUCT_NAME = "$(TARGET_NAME)";
				TARGETED_DEVICE_FAMILY = "1,2";
			};
			name = Release;
		};
		1F9F8D1B1FBEA7130082AAA0 /* Debug */ = {
			isa = XCBuildConfiguration;
			buildSettings = {
				BUNDLE_LOADER = "$(TEST_HOST)";
				CODE_SIGN_STYLE = Automatic;
				INFOPLIST_FILE = ReactNativeIntegrationDemoTests/Info.plist;
				LD_RUNPATH_SEARCH_PATHS = "$(inherited) @executable_path/Frameworks @loader_path/Frameworks";
				PRODUCT_BUNDLE_IDENTIFIER = dogrod.ReactNativeIntegrationDemoTests;
				PRODUCT_NAME = "$(TARGET_NAME)";
				TARGETED_DEVICE_FAMILY = "1,2";
				TEST_HOST = "$(BUILT_PRODUCTS_DIR)/ReactNativeIntegrationDemo.app/ReactNativeIntegrationDemo";
			};
			name = Debug;
		};
		1F9F8D1C1FBEA7130082AAA0 /* Release */ = {
			isa = XCBuildConfiguration;
			buildSettings = {
				BUNDLE_LOADER = "$(TEST_HOST)";
				CODE_SIGN_STYLE = Automatic;
				INFOPLIST_FILE = ReactNativeIntegrationDemoTests/Info.plist;
				LD_RUNPATH_SEARCH_PATHS = "$(inherited) @executable_path/Frameworks @loader_path/Frameworks";
				PRODUCT_BUNDLE_IDENTIFIER = dogrod.ReactNativeIntegrationDemoTests;
				PRODUCT_NAME = "$(TARGET_NAME)";
				TARGETED_DEVICE_FAMILY = "1,2";
				TEST_HOST = "$(BUILT_PRODUCTS_DIR)/ReactNativeIntegrationDemo.app/ReactNativeIntegrationDemo";
			};
			name = Release;
		};
		1F9F8D1E1FBEA7130082AAA0 /* Debug */ = {
			isa = XCBuildConfiguration;
			buildSettings = {
				CODE_SIGN_STYLE = Automatic;
				INFOPLIST_FILE = ReactNativeIntegrationDemoUITests/Info.plist;
				LD_RUNPATH_SEARCH_PATHS = "$(inherited) @executable_path/Frameworks @loader_path/Frameworks";
				PRODUCT_BUNDLE_IDENTIFIER = dogrod.ReactNativeIntegrationDemoUITests;
				PRODUCT_NAME = "$(TARGET_NAME)";
				TARGETED_DEVICE_FAMILY = "1,2";
				TEST_TARGET_NAME = ReactNativeIntegrationDemo;
			};
			name = Debug;
		};
		1F9F8D1F1FBEA7130082AAA0 /* Release */ = {
			isa = XCBuildConfiguration;
			buildSettings = {
				CODE_SIGN_STYLE = Automatic;
				INFOPLIST_FILE = ReactNativeIntegrationDemoUITests/Info.plist;
				LD_RUNPATH_SEARCH_PATHS = "$(inherited) @executable_path/Frameworks @loader_path/Frameworks";
				PRODUCT_BUNDLE_IDENTIFIER = dogrod.ReactNativeIntegrationDemoUITests;
				PRODUCT_NAME = "$(TARGET_NAME)";
				TARGETED_DEVICE_FAMILY = "1,2";
				TEST_TARGET_NAME = ReactNativeIntegrationDemo;
			};
			name = Release;
		};
/* End XCBuildConfiguration section */

/* Begin XCConfigurationList section */
		1F9F8CE61FBEA7130082AAA0 /* Build configuration list for PBXProject "ReactNativeIntegrationDemo" */ = {
			isa = XCConfigurationList;
			buildConfigurations = (
				1F9F8D151FBEA7130082AAA0 /* Debug */,
				1F9F8D161FBEA7130082AAA0 /* Release */,
			);
			defaultConfigurationIsVisible = 0;
			defaultConfigurationName = Release;
		};
		1F9F8D171FBEA7130082AAA0 /* Build configuration list for PBXNativeTarget "ReactNativeIntegrationDemo" */ = {
			isa = XCConfigurationList;
			buildConfigurations = (
				1F9F8D181FBEA7130082AAA0 /* Debug */,
				1F9F8D191FBEA7130082AAA0 /* Release */,
			);
			defaultConfigurationIsVisible = 0;
			defaultConfigurationName = Release;
		};
		1F9F8D1A1FBEA7130082AAA0 /* Build configuration list for PBXNativeTarget "ReactNativeIntegrationDemoTests" */ = {
			isa = XCConfigurationList;
			buildConfigurations = (
				1F9F8D1B1FBEA7130082AAA0 /* Debug */,
				1F9F8D1C1FBEA7130082AAA0 /* Release */,
			);
			defaultConfigurationIsVisible = 0;
			defaultConfigurationName = Release;
		};
		1F9F8D1D1FBEA7130082AAA0 /* Build configuration list for PBXNativeTarget "ReactNativeIntegrationDemoUITests" */ = {
			isa = XCConfigurationList;
			buildConfigurations = (
				1F9F8D1E1FBEA7130082AAA0 /* Debug */,
				1F9F8D1F1FBEA7130082AAA0 /* Release */,
			);
			defaultConfigurationIsVisible = 0;
			defaultConfigurationName = Release;
		};
/* End XCConfigurationList section */
	};
	rootObject = 1F9F8CE31FBEA7130082AAA0 /* Project object */;
}
